// !$*UTF8*$!
{
	archiveVersion = 1;
	classes = {
	};
	objectVersion = 77;
	objects = {

/* Begin PBXBuildFile section */
		060684D286730F3BDBA03E1E /* ResultViewModel.swift in Sources */ = {isa = PBXBuildFile; fileRef = 4ED1ECFE82AE4A6D7D9D0966 /* ResultViewModel.swift */; };
		115067246CD630A92AF623A7 /* AnalysisViewModel.swift in Sources */ = {isa = PBXBuildFile; fileRef = 48F8970427859F168B659A9E /* AnalysisViewModel.swift */; };
		180DCFCACF7D7EB7B635308F /* SearchViewModel.swift in Sources */ = {isa = PBXBuildFile; fileRef = 0FE4F28AA0EECB3C964157C4 /* SearchViewModel.swift */; };
		1EF80138F465FE77AAFEA0F6 /* YoutubeLiveLensApp.swift in Sources */ = {isa = PBXBuildFile; fileRef = 87B2A8E2C4F8297422A598EB /* YoutubeLiveLensApp.swift */; };
		305EEFDF924001599052684B /* FirebaseMessaging in Frameworks */ = {isa = PBXBuildFile; productRef = 1170918E5786D7C77CD464A4 /* FirebaseMessaging */; };
		344E73D3752CD2D7A34EDEED /* FCMService.swift in Sources */ = {isa = PBXBuildFile; fileRef = 455EAC6FE3BEF0A4492CB8D3 /* FCMService.swift */; };
		3760C888D2280E0DA62D4DB7 /* HomeViewModel.swift in Sources */ = {isa = PBXBuildFile; fileRef = B091D2134E164EE04F971D9E /* HomeViewModel.swift */; };
		4A87A4E9B7A1A1FAF6E2E1CE /* AnalysisJob.swift in Sources */ = {isa = PBXBuildFile; fileRef = 75ECA71C91A90C10C5CA054A /* AnalysisJob.swift */; };
		4C94EB19CCF3A58238D1C7E8 /* AnalysisProgressView.swift in Sources */ = {isa = PBXBuildFile; fileRef = 0F7051ADE965E56A93136CAB /* AnalysisProgressView.swift */; };
		619622C3D8076F7C8C137D32 /* ResultView.swift in Sources */ = {isa = PBXBuildFile; fileRef = B9B197E436D2F000B102263F /* ResultView.swift */; };
		6B69B793408AAF5F5EA1E89E /* FirebaseFunctions in Frameworks */ = {isa = PBXBuildFile; productRef = 9C91562342826FF6A97E3F49 /* FirebaseFunctions */; };
		6C7A24B7B6E17A5AF0B9E4F1 /* HomeView.swift in Sources */ = {isa = PBXBuildFile; fileRef = 3A04C042112A5B9EDE4C5370 /* HomeView.swift */; };
		7ABAABC4A0769520BB1514F2 /* HistoryStore.swift in Sources */ = {isa = PBXBuildFile; fileRef = 96BDF1C98EBE534C8E3B1D63 /* HistoryStore.swift */; };
		8265E49A6608FB9EB1FCAAD7 /* HistoryEntry.swift in Sources */ = {isa = PBXBuildFile; fileRef = 808E8065895C6E2280643849 /* HistoryEntry.swift */; };
		932D754396AFF6F112E12D51 /* GoogleService-Info.plist in Resources */ = {isa = PBXBuildFile; fileRef = 1BDF4F9010C714C5695875E3 /* GoogleService-Info.plist */; };
		C462FB2A672459481B4C17F7 /* FirebaseService.swift in Sources */ = {isa = PBXBuildFile; fileRef = 7B4D731D3299C769F1C55612 /* FirebaseService.swift */; };
		D0FBF84CF35ACBC540106286 /* CommentBucket.swift in Sources */ = {isa = PBXBuildFile; fileRef = B4AE69CB3B534A9786B9CDC4 /* CommentBucket.swift */; };
		ED07B22CAFC671A2FF1380A8 /* FirebaseFirestore in Frameworks */ = {isa = PBXBuildFile; productRef = 910B535BC8F5247AB21971B0 /* FirebaseFirestore */; };
/* End PBXBuildFile section */

/* Begin PBXFileReference section */
		0F7051ADE965E56A93136CAB /* AnalysisProgressView.swift */ = {isa = PBXFileReference; lastKnownFileType = sourcecode.swift; path = AnalysisProgressView.swift; sourceTree = "<group>"; };
		0FE4F28AA0EECB3C964157C4 /* SearchViewModel.swift */ = {isa = PBXFileReference; lastKnownFileType = sourcecode.swift; path = SearchViewModel.swift; sourceTree = "<group>"; };
		1BDF4F9010C714C5695875E3 /* GoogleService-Info.plist */ = {isa = PBXFileReference; lastKnownFileType = text.plist; path = "GoogleService-Info.plist"; sourceTree = "<group>"; };
		2612776A09845621D25DD541 /* Info.plist */ = {isa = PBXFileReference; lastKnownFileType = text.plist; path = Info.plist; sourceTree = "<group>"; };
		3A04C042112A5B9EDE4C5370 /* HomeView.swift */ = {isa = PBXFileReference; lastKnownFileType = sourcecode.swift; path = HomeView.swift; sourceTree = "<group>"; };
		455EAC6FE3BEF0A4492CB8D3 /* FCMService.swift */ = {isa = PBXFileReference; lastKnownFileType = sourcecode.swift; path = FCMService.swift; sourceTree = "<group>"; };
		48F8970427859F168B659A9E /* AnalysisViewModel.swift */ = {isa = PBXFileReference; lastKnownFileType = sourcecode.swift; path = AnalysisViewModel.swift; sourceTree = "<group>"; };
		4ED1ECFE82AE4A6D7D9D0966 /* ResultViewModel.swift */ = {isa = PBXFileReference; lastKnownFileType = sourcecode.swift; path = ResultViewModel.swift; sourceTree = "<group>"; };
		75ECA71C91A90C10C5CA054A /* AnalysisJob.swift */ = {isa = PBXFileReference; lastKnownFileType = sourcecode.swift; path = AnalysisJob.swift; sourceTree = "<group>"; };
		77CC631876E8028E42FE307A /* YoutubeLiveLens.app */ = {isa = PBXFileReference; includeInIndex = 0; lastKnownFileType = wrapper.application; path = YoutubeLiveLens.app; sourceTree = BUILT_PRODUCTS_DIR; };
		7B4D731D3299C769F1C55612 /* FirebaseService.swift */ = {isa = PBXFileReference; lastKnownFileType = sourcecode.swift; path = FirebaseService.swift; sourceTree = "<group>"; };
		808E8065895C6E2280643849 /* HistoryEntry.swift */ = {isa = PBXFileReference; lastKnownFileType = sourcecode.swift; path = HistoryEntry.swift; sourceTree = "<group>"; };
		87B2A8E2C4F8297422A598EB /* YoutubeLiveLensApp.swift */ = {isa = PBXFileReference; lastKnownFileType = sourcecode.swift; path = YoutubeLiveLensApp.swift; sourceTree = "<group>"; };
		96BDF1C98EBE534C8E3B1D63 /* HistoryStore.swift */ = {isa = PBXFileReference; lastKnownFileType = sourcecode.swift; path = HistoryStore.swift; sourceTree = "<group>"; };
		B091D2134E164EE04F971D9E /* HomeViewModel.swift */ = {isa = PBXFileReference; lastKnownFileType = sourcecode.swift; path = HomeViewModel.swift; sourceTree = "<group>"; };
		B4AE69CB3B534A9786B9CDC4 /* CommentBucket.swift */ = {isa = PBXFileReference; lastKnownFileType = sourcecode.swift; path = CommentBucket.swift; sourceTree = "<group>"; };
		B9B197E436D2F000B102263F /* ResultView.swift */ = {isa = PBXFileReference; lastKnownFileType = sourcecode.swift; path = ResultView.swift; sourceTree = "<group>"; };
/* End PBXFileReference section */

/* Begin PBXFrameworksBuildPhase section */
		F2FC04C1163AAFE4E0BDC0BB /* Frameworks */ = {
			isa = PBXFrameworksBuildPhase;
			buildActionMask = 2147483647;
			files = (
				ED07B22CAFC671A2FF1380A8 /* FirebaseFirestore in Frameworks */,
				305EEFDF924001599052684B /* FirebaseMessaging in Frameworks */,
				6B69B793408AAF5F5EA1E89E /* FirebaseFunctions in Frameworks */,
			);
			runOnlyForDeploymentPostprocessing = 0;
		};
/* End PBXFrameworksBuildPhase section */

/* Begin PBXGroup section */
		0E26588E4355DB8A3959CC3F /* Services */ = {
			isa = PBXGroup;
			children = (
				455EAC6FE3BEF0A4492CB8D3 /* FCMService.swift */,
				7B4D731D3299C769F1C55612 /* FirebaseService.swift */,
				96BDF1C98EBE534C8E3B1D63 /* HistoryStore.swift */,
			);
			path = Services;
			sourceTree = "<group>";
		};
		2E60DC33C339D93B9F943945 = {
			isa = PBXGroup;
			children = (
				CC20375B17C9367E90D50EE3 /* App */,
				FEA72AFFE780657E059C6DA8 /* Products */,
			);
			sourceTree = "<group>";
		};
		41D5639C1730E22F5DFDF156 /* ViewModels */ = {
			isa = PBXGroup;
			children = (
				48F8970427859F168B659A9E /* AnalysisViewModel.swift */,
				B091D2134E164EE04F971D9E /* HomeViewModel.swift */,
				4ED1ECFE82AE4A6D7D9D0966 /* ResultViewModel.swift */,
				0FE4F28AA0EECB3C964157C4 /* SearchViewModel.swift */,
			);
			path = ViewModels;
			sourceTree = "<group>";
		};
		A36E4CF24543D661AD5E445D /* Views */ = {
			isa = PBXGroup;
			children = (
				0F7051ADE965E56A93136CAB /* AnalysisProgressView.swift */,
				3A04C042112A5B9EDE4C5370 /* HomeView.swift */,
				B9B197E436D2F000B102263F /* ResultView.swift */,
			);
			path = Views;
			sourceTree = "<group>";
		};
		CC20375B17C9367E90D50EE3 /* App */ = {
			isa = PBXGroup;
			children = (
				1BDF4F9010C714C5695875E3 /* GoogleService-Info.plist */,
				2612776A09845621D25DD541 /* Info.plist */,
				87B2A8E2C4F8297422A598EB /* YoutubeLiveLensApp.swift */,
				EB7AE24FA15CA5CB30CC47E0 /* Models */,
				0E26588E4355DB8A3959CC3F /* Services */,
				41D5639C1730E22F5DFDF156 /* ViewModels */,
				A36E4CF24543D661AD5E445D /* Views */,
			);
			path = App;
			sourceTree = "<group>";
		};
		EB7AE24FA15CA5CB30CC47E0 /* Models */ = {
			isa = PBXGroup;
			children = (
				75ECA71C91A90C10C5CA054A /* AnalysisJob.swift */,
				B4AE69CB3B534A9786B9CDC4 /* CommentBucket.swift */,
				808E8065895C6E2280643849 /* HistoryEntry.swift */,
			);
			path = Models;
			sourceTree = "<group>";
		};
		FEA72AFFE780657E059C6DA8 /* Products */ = {
			isa = PBXGroup;
			children = (
				77CC631876E8028E42FE307A /* YoutubeLiveLens.app */,
			);
			name = Products;
			sourceTree = "<group>";
		};
/* End PBXGroup section */

/* Begin PBXNativeTarget section */
		286C68A893BB2ED49E95B47D /* YoutubeLiveLens */ = {
			isa = PBXNativeTarget;
			buildConfigurationList = FF181A8CD1C29A8B5BD21701 /* Build configuration list for PBXNativeTarget "YoutubeLiveLens" */;
			buildPhases = (
				C1D401DD64B07E00399DB8E5 /* Firebase GoogleService-Info Check */,
				35510ECA1123E43B3F388B3A /* Sources */,
				3A7D90C5FA906AF599EFE4F7 /* Resources */,
				F2FC04C1163AAFE4E0BDC0BB /* Frameworks */,
			);
			buildRules = (
			);
			dependencies = (
			);
			name = YoutubeLiveLens;
			packageProductDependencies = (
				910B535BC8F5247AB21971B0 /* FirebaseFirestore */,
				1170918E5786D7C77CD464A4 /* FirebaseMessaging */,
				9C91562342826FF6A97E3F49 /* FirebaseFunctions */,
			);
			productName = YoutubeLiveLens;
			productReference = 77CC631876E8028E42FE307A /* YoutubeLiveLens.app */;
			productType = "com.apple.product-type.application";
		};
/* End PBXNativeTarget section */

/* Begin PBXProject section */
		157D2C049BE1DC28E59DEF87 /* Project object */ = {
			isa = PBXProject;
			attributes = {
				BuildIndependentTargetsInParallel = YES;
				LastUpgradeCheck = 1500;
				TargetAttributes = {
				};
			};
			buildConfigurationList = 7462B08036B7508F280302DD /* Build configuration list for PBXProject "YoutubeLiveLens" */;
			developmentRegion = en;
			hasScannedForEncodings = 0;
			knownRegions = (
				Base,
				en,
			);
			mainGroup = 2E60DC33C339D93B9F943945;
			minimizedProjectReferenceProxies = 1;
			packageReferences = (
				C47FF044248EA68430A9716F /* XCRemoteSwiftPackageReference "firebase-ios-sdk" */,
			);
			preferredProjectObjectVersion = 77;
			productRefGroup = FEA72AFFE780657E059C6DA8 /* Products */;
			projectDirPath = "";
			projectRoot = "";
			targets = (
				286C68A893BB2ED49E95B47D /* YoutubeLiveLens */,
			);
		};
/* End PBXProject section */

/* Begin PBXResourcesBuildPhase section */
		3A7D90C5FA906AF599EFE4F7 /* Resources */ = {
			isa = PBXResourcesBuildPhase;
			buildActionMask = 2147483647;
			files = (
				932D754396AFF6F112E12D51 /* GoogleService-Info.plist in Resources */,
			);
			runOnlyForDeploymentPostprocessing = 0;
		};
/* End PBXResourcesBuildPhase section */

/* Begin PBXShellScriptBuildPhase section */
		C1D401DD64B07E00399DB8E5 /* Firebase GoogleService-Info Check */ = {
			isa = PBXShellScriptBuildPhase;
			buildActionMask = 2147483647;
			files = (
			);
			inputFileListPaths = (
			);
			inputPaths = (
			);
			name = "Firebase GoogleService-Info Check";
			outputFileListPaths = (
			);
			outputPaths = (
			);
			runOnlyForDeploymentPostprocessing = 0;
			shellPath = /bin/sh;
			shellScript = "if [ ! -f \"${SRCROOT}/App/GoogleService-Info.plist\" ]; then\n  echo \"warning: GoogleService-Info.plist が見つかりません。Firebase Consoleからダウンロードして追加してください。\"\nfi\n";
		};
/* End PBXShellScriptBuildPhase section */

/* Begin PBXSourcesBuildPhase section */
		35510ECA1123E43B3F388B3A /* Sources */ = {
			isa = PBXSourcesBuildPhase;
			buildActionMask = 2147483647;
			files = (
				4A87A4E9B7A1A1FAF6E2E1CE /* AnalysisJob.swift in Sources */,
				4C94EB19CCF3A58238D1C7E8 /* AnalysisProgressView.swift in Sources */,
				115067246CD630A92AF623A7 /* AnalysisViewModel.swift in Sources */,
				D0FBF84CF35ACBC540106286 /* CommentBucket.swift in Sources */,
				344E73D3752CD2D7A34EDEED /* FCMService.swift in Sources */,
				C462FB2A672459481B4C17F7 /* FirebaseService.swift in Sources */,
				8265E49A6608FB9EB1FCAAD7 /* HistoryEntry.swift in Sources */,
				7ABAABC4A0769520BB1514F2 /* HistoryStore.swift in Sources */,
				6C7A24B7B6E17A5AF0B9E4F1 /* HomeView.swift in Sources */,
				3760C888D2280E0DA62D4DB7 /* HomeViewModel.swift in Sources */,
				619622C3D8076F7C8C137D32 /* ResultView.swift in Sources */,
				060684D286730F3BDBA03E1E /* ResultViewModel.swift in Sources */,
				180DCFCACF7D7EB7B635308F /* SearchViewModel.swift in Sources */,
				1EF80138F465FE77AAFEA0F6 /* YoutubeLiveLensApp.swift in Sources */,
			);
			runOnlyForDeploymentPostprocessing = 0;
		};
/* End PBXSourcesBuildPhase section */

/* Begin XCBuildConfiguration section */
		12EB9F0179EA46BF8EF28B37 /* Debug */ = {
			isa = XCBuildConfiguration;
			buildSettings = {
				ALWAYS_SEARCH_USER_PATHS = NO;
				CLANG_ANALYZER_NONNULL = YES;
				CLANG_ANALYZER_NUMBER_OBJECT_CONVERSION = YES_AGGRESSIVE;
				CLANG_CXX_LANGUAGE_STANDARD = "gnu++14";
				CLANG_CXX_LIBRARY = "libc++";
				CLANG_ENABLE_MODULES = YES;
				CLANG_ENABLE_OBJC_ARC = YES;
				CLANG_ENABLE_OBJC_WEAK = YES;
				CLANG_WARN_BLOCK_CAPTURE_AUTORELEASING = YES;
				CLANG_WARN_BOOL_CONVERSION = YES;
				CLANG_WARN_COMMA = YES;
				CLANG_WARN_CONSTANT_CONVERSION = YES;
				CLANG_WARN_DEPRECATED_OBJC_IMPLEMENTATIONS = YES;
				CLANG_WARN_DIRECT_OBJC_ISA_USAGE = YES_ERROR;
				CLANG_WARN_DOCUMENTATION_COMMENTS = YES;
				CLANG_WARN_EMPTY_BODY = YES;
				CLANG_WARN_ENUM_CONVERSION = YES;
				CLANG_WARN_INFINITE_RECURSION = YES;
				CLANG_WARN_INT_CONVERSION = YES;
				CLANG_WARN_NON_LITERAL_NULL_CONVERSION = YES;
				CLANG_WARN_OBJC_IMPLICIT_RETAIN_SELF = YES;
				CLANG_WARN_OBJC_LITERAL_CONVERSION = YES;
				CLANG_WARN_OBJC_ROOT_CLASS = YES_ERROR;
				CLANG_WARN_QUOTED_INCLUDE_IN_FRAMEWORK_HEADER = YES;
				CLANG_WARN_RANGE_LOOP_ANALYSIS = YES;
				CLANG_WARN_STRICT_PROTOTYPES = YES;
				CLANG_WARN_SUSPICIOUS_MOVE = YES;
				CLANG_WARN_UNGUARDED_AVAILABILITY = YES_AGGRESSIVE;
				CLANG_WARN_UNREACHABLE_CODE = YES;
				CLANG_WARN__DUPLICATE_METHOD_MATCH = YES;
				COPY_PHASE_STRIP = NO;
				DEBUG_INFORMATION_FORMAT = dwarf;
				ENABLE_STRICT_OBJC_MSGSEND = YES;
				ENABLE_TESTABILITY = YES;
				GCC_C_LANGUAGE_STANDARD = gnu11;
				GCC_DYNAMIC_NO_PIC = NO;
				GCC_NO_COMMON_BLOCKS = YES;
				GCC_OPTIMIZATION_LEVEL = 0;
				GCC_PREPROCESSOR_DEFINITIONS = (
					"$(inherited)",
					"DEBUG=1",
				);
				GCC_WARN_64_TO_32_BIT_CONVERSION = YES;
				GCC_WARN_ABOUT_RETURN_TYPE = YES_ERROR;
				GCC_WARN_UNDECLARED_SELECTOR = YES;
				GCC_WARN_UNINITIALIZED_AUTOS = YES_AGGRESSIVE;
				GCC_WARN_UNUSED_FUNCTION = YES;
				GCC_WARN_UNUSED_VARIABLE = YES;
				IPHONEOS_DEPLOYMENT_TARGET = 16.0;
				MTL_ENABLE_DEBUG_INFO = INCLUDE_SOURCE;
				MTL_FAST_MATH = YES;
				ONLY_ACTIVE_ARCH = YES;
				PRODUCT_NAME = "$(TARGET_NAME)";
				SDKROOT = iphoneos;
				SWIFT_ACTIVE_COMPILATION_CONDITIONS = DEBUG;
				SWIFT_OPTIMIZATION_LEVEL = "-Onone";
				SWIFT_VERSION = 5.0;
			};
			name = Debug;
		};
		6295345998DD074ED3605EED /* Release */ = {
			isa = XCBuildConfiguration;
			buildSettings = {
				ALWAYS_SEARCH_USER_PATHS = NO;
				CLANG_ANALYZER_NONNULL = YES;
				CLANG_ANALYZER_NUMBER_OBJECT_CONVERSION = YES_AGGRESSIVE;
				CLANG_CXX_LANGUAGE_STANDARD = "gnu++14";
				CLANG_CXX_LIBRARY = "libc++";
				CLANG_ENABLE_MODULES = YES;
				CLANG_ENABLE_OBJC_ARC = YES;
				CLANG_ENABLE_OBJC_WEAK = YES;
				CLANG_WARN_BLOCK_CAPTURE_AUTORELEASING = YES;
				CLANG_WARN_BOOL_CONVERSION = YES;
				CLANG_WARN_COMMA = YES;
				CLANG_WARN_CONSTANT_CONVERSION = YES;
				CLANG_WARN_DEPRECATED_OBJC_IMPLEMENTATIONS = YES;
				CLANG_WARN_DIRECT_OBJC_ISA_USAGE = YES_ERROR;
				CLANG_WARN_DOCUMENTATION_COMMENTS = YES;
				CLANG_WARN_EMPTY_BODY = YES;
				CLANG_WARN_ENUM_CONVERSION = YES;
				CLANG_WARN_INFINITE_RECURSION = YES;
				CLANG_WARN_INT_CONVERSION = YES;
				CLANG_WARN_NON_LITERAL_NULL_CONVERSION = YES;
				CLANG_WARN_OBJC_IMPLICIT_RETAIN_SELF = YES;
				CLANG_WARN_OBJC_LITERAL_CONVERSION = YES;
				CLANG_WARN_OBJC_ROOT_CLASS = YES_ERROR;
				CLANG_WARN_QUOTED_INCLUDE_IN_FRAMEWORK_HEADER = YES;
				CLANG_WARN_RANGE_LOOP_ANALYSIS = YES;
				CLANG_WARN_STRICT_PROTOTYPES = YES;
				CLANG_WARN_SUSPICIOUS_MOVE = YES;
				CLANG_WARN_UNGUARDED_AVAILABILITY = YES_AGGRESSIVE;
				CLANG_WARN_UNREACHABLE_CODE = YES;
				CLANG_WARN__DUPLICATE_METHOD_MATCH = YES;
				COPY_PHASE_STRIP = NO;
				DEBUG_INFORMATION_FORMAT = "dwarf-with-dsym";
				ENABLE_NS_ASSERTIONS = NO;
				ENABLE_STRICT_OBJC_MSGSEND = YES;
				GCC_C_LANGUAGE_STANDARD = gnu11;
				GCC_NO_COMMON_BLOCKS = YES;
				GCC_WARN_64_TO_32_BIT_CONVERSION = YES;
				GCC_WARN_ABOUT_RETURN_TYPE = YES_ERROR;
				GCC_WARN_UNDECLARED_SELECTOR = YES;
				GCC_WARN_UNINITIALIZED_AUTOS = YES_AGGRESSIVE;
				GCC_WARN_UNUSED_FUNCTION = YES;
				GCC_WARN_UNUSED_VARIABLE = YES;
				IPHONEOS_DEPLOYMENT_TARGET = 16.0;
				MTL_ENABLE_DEBUG_INFO = NO;
				MTL_FAST_MATH = YES;
				PRODUCT_NAME = "$(TARGET_NAME)";
				SDKROOT = iphoneos;
				SWIFT_COMPILATION_MODE = wholemodule;
				SWIFT_OPTIMIZATION_LEVEL = "-O";
				SWIFT_VERSION = 5.0;
			};
			name = Release;
		};
		F77BAC22A42EFF5EDB23893B /* Debug */ = {
			isa = XCBuildConfiguration;
			buildSettings = {
				ASSETCATALOG_COMPILER_APPICON_NAME = AppIcon;
				CODE_SIGN_IDENTITY = "iPhone Developer";
				INFOPLIST_FILE = App/Info.plist;
				IPHONEOS_DEPLOYMENT_TARGET = 16.0;
				LD_RUNPATH_SEARCH_PATHS = (
					"$(inherited)",
					"@executable_path/Frameworks",
				);
				PRODUCT_BUNDLE_IDENTIFIER = com.youtubelivelens.app;
				SDKROOT = iphoneos;
				SWIFT_VERSION = 5.9;
				TARGETED_DEVICE_FAMILY = 1;
			};
			name = Debug;
		};
		FBDB0F97709D2CF65DB52B0A /* Release */ = {
			isa = XCBuildConfiguration;
			buildSettings = {
				ASSETCATALOG_COMPILER_APPICON_NAME = AppIcon;
				CODE_SIGN_IDENTITY = "iPhone Developer";
				INFOPLIST_FILE = App/Info.plist;
				IPHONEOS_DEPLOYMENT_TARGET = 16.0;
				LD_RUNPATH_SEARCH_PATHS = (
					"$(inherited)",
					"@executable_path/Frameworks",
				);
				PRODUCT_BUNDLE_IDENTIFIER = com.youtubelivelens.app;
				SDKROOT = iphoneos;
				SWIFT_VERSION = 5.9;
				TARGETED_DEVICE_FAMILY = 1;
			};
			name = Release;
		};
/* End XCBuildConfiguration section */

/* Begin XCConfigurationList section */
		7462B08036B7508F280302DD /* Build configuration list for PBXProject "YoutubeLiveLens" */ = {
			isa = XCConfigurationList;
			buildConfigurations = (
				12EB9F0179EA46BF8EF28B37 /* Debug */,
				6295345998DD074ED3605EED /* Release */,
			);
			defaultConfigurationIsVisible = 0;
			defaultConfigurationName = Debug;
		};
		FF181A8CD1C29A8B5BD21701 /* Build configuration list for PBXNativeTarget "YoutubeLiveLens" */ = {
			isa = XCConfigurationList;
			buildConfigurations = (
				F77BAC22A42EFF5EDB23893B /* Debug */,
				FBDB0F97709D2CF65DB52B0A /* Release */,
			);
			defaultConfigurationIsVisible = 0;
			defaultConfigurationName = Debug;
		};
/* End XCConfigurationList section */

/* Begin XCRemoteSwiftPackageReference section */
		C47FF044248EA68430A9716F /* XCRemoteSwiftPackageReference "firebase-ios-sdk" */ = {
			isa = XCRemoteSwiftPackageReference;
			repositoryURL = "https://github.com/firebase/firebase-ios-sdk";
			requirement = {
				kind = upToNextMajorVersion;
				minimumVersion = 10.0.0;
			};
		};
/* End XCRemoteSwiftPackageReference section */

/* Begin XCSwiftPackageProductDependency section */
		1170918E5786D7C77CD464A4 /* FirebaseMessaging */ = {
			isa = XCSwiftPackageProductDependency;
			package = C47FF044248EA68430A9716F /* XCRemoteSwiftPackageReference "firebase-ios-sdk" */;
			productName = FirebaseMessaging;
		};
		910B535BC8F5247AB21971B0 /* FirebaseFirestore */ = {
			isa = XCSwiftPackageProductDependency;
			package = C47FF044248EA68430A9716F /* XCRemoteSwiftPackageReference "firebase-ios-sdk" */;
			productName = FirebaseFirestore;
		};
		9C91562342826FF6A97E3F49 /* FirebaseFunctions */ = {
			isa = XCSwiftPackageProductDependency;
			package = C47FF044248EA68430A9716F /* XCRemoteSwiftPackageReference "firebase-ios-sdk" */;
			productName = FirebaseFunctions;
		};
/* End XCSwiftPackageProductDependency section */
	};
	rootObject = 157D2C049BE1DC28E59DEF87 /* Project object */;
}
